
Microsoft Visual Studio Solution File, Format Version 12.00
# Visual Studio Version 17
VisualStudioVersion = 17.0.32112.339
MinimumVisualStudioVersion = 10.0.40219.1
Project("{FAE04EC0-301F-11D3-BF4B-00C04F79EFBC}") = "Supermarket1", "Supermarket1\Supermarket1.csproj", "{FFB7310C-F123-48FA-B2CE-146DA0A5A7C8}"
	ProjectSection(ProjectDependencies) = postProject
		{95697F5F-769D-4A37-9415-6EEDA5478AB2} = {95697F5F-769D-4A37-9415-6EEDA5478AB2}
		{8CF1E1CA-0D52-4BAB-A7AA-1947F5D2B423} = {8CF1E1CA-0D52-4BAB-A7AA-1947F5D2B423}
	EndProjectSection
EndProject
Project("{FAE04EC0-301F-11D3-BF4B-00C04F79EFBC}") = "Supermarket.BL", "Supermarket.BL\Supermarket.BL.csproj", "{B80D9180-1F2B-491A-8315-2CC222232BE7}"
	ProjectSection(ProjectDependencies) = postProject
		{95697F5F-769D-4A37-9415-6EEDA5478AB2} = {95697F5F-769D-4A37-9415-6EEDA5478AB2}
		{8CF1E1CA-0D52-4BAB-A7AA-1947F5D2B423} = {8CF1E1CA-0D52-4BAB-A7AA-1947F5D2B423}
	EndProjectSection
EndProject
Project("{FAE04EC0-301F-11D3-BF4B-00C04F79EFBC}") = "Supermarket.DL", "Supermarket.DL\Supermarket.DL.csproj", "{8CF1E1CA-0D52-4BAB-A7AA-1947F5D2B423}"
	ProjectSection(ProjectDependencies) = postProject
		{95697F5F-769D-4A37-9415-6EEDA5478AB2} = {95697F5F-769D-4A37-9415-6EEDA5478AB2}
	EndProjectSection
EndProject
Project("{FAE04EC0-301F-11D3-BF4B-00C04F79EFBC}") = "Supermarket.Models", "Supermarket.Models\Supermarket.Models.csproj", "{95697F5F-769D-4A37-9415-6EEDA5478AB2}"
EndProject
Global
	GlobalSection(SolutionConfigurationPlatforms) = preSolution
		Debug|Any CPU = Debug|Any CPU
		Release|Any CPU = Release|Any CPU
	EndGlobalSection
	GlobalSection(ProjectConfigurationPlatforms) = postSolution
		{FFB7310C-F123-48FA-B2CE-146DA0A5A7C8}.Debug|Any CPU.ActiveCfg = Debug|Any CPU
		{FFB7310C-F123-48FA-B2CE-146DA0A5A7C8}.Debug|Any CPU.Build.0 = Debug|Any CPU
		{FFB7310C-F123-48FA-B2CE-146DA0A5A7C8}.Release|Any CPU.ActiveCfg = Release|Any CPU
		{FFB7310C-F123-48FA-B2CE-146DA0A5A7C8}.Release|Any CPU.Build.0 = Release|Any CPU
		{B80D9180-1F2B-491A-8315-2CC222232BE7}.Debug|Any CPU.ActiveCfg = Debug|Any CPU
		{B80D9180-1F2B-491A-8315-2CC222232BE7}.Debug|Any CPU.Build.0 = Debug|Any CPU
		{B80D9180-1F2B-491A-8315-2CC222232BE7}.Release|Any CPU.ActiveCfg = Release|Any CPU
		{B80D9180-1F2B-491A-8315-2CC222232BE7}.Release|Any CPU.Build.0 = Release|Any CPU
		{8CF1E1CA-0D52-4BAB-A7AA-1947F5D2B423}.Debug|Any CPU.ActiveCfg = Debug|Any CPU
		{8CF1E1CA-0D52-4BAB-A7AA-1947F5D2B423}.Debug|Any CPU.Build.0 = Debug|Any CPU
		{8CF1E1CA-0D52-4BAB-A7AA-1947F5D2B423}.Release|Any CPU.ActiveCfg = Release|Any CPU
		{8CF1E1CA-0D52-4BAB-A7AA-1947F5D2B423}.Release|Any CPU.Build.0 = Release|Any CPU
		{95697F5F-769D-4A37-9415-6EEDA5478AB2}.Debug|Any CPU.ActiveCfg = Debug|Any CPU
		{95697F5F-769D-4A37-9415-6EEDA5478AB2}.Debug|Any CPU.Build.0 = Debug|Any CPU
		{95697F5F-769D-4A37-9415-6EEDA5478AB2}.Release|Any CPU.ActiveCfg = Release|Any CPU
		{95697F5F-769D-4A37-9415-6EEDA5478AB2}.Release|Any CPU.Build.0 = Release|Any CPU
	EndGlobalSection
	GlobalSection(SolutionProperties) = preSolution
		HideSolutionNode = FALSE
	EndGlobalSection
	GlobalSection(ExtensibilityGlobals) = postSolution
		SolutionGuid = {F242F676-19AF-46DC-A054-88B606BEFF19}
	EndGlobalSection
EndGlobal
